
Microsoft Visual Studio Solution File, Format Version 12.00
# Visual Studio Version 17
VisualStudioVersion = 17.9.34728.123
MinimumVisualStudioVersion = 10.0.40219.1
Project("{9A19103F-16F7-4668-BE54-9A1E7A4F7556}") = "TechShop", "TechShop.csproj", "{D402F709-E324-4334-B035-A10E6C3BFC3A}"
EndProject
Project("{FAE04EC0-301F-11D3-BF4B-00C04F79EFBC}") = "CollectionsTask", "..\CollectionsTask\CollectionsTask.csproj", "{D6FB34D6-6086-460E-A477-95112C8140D3}"
EndProject
Global
	GlobalSection(SolutionConfigurationPlatforms) = preSolution
		Debug|Any CPU = Debug|Any CPU
		Release|Any CPU = Release|Any CPU
	EndGlobalSection
	GlobalSection(ProjectConfigurationPlatforms) = postSolution
		{D402F709-E324-4334-B035-A10E6C3BFC3A}.Debug|Any CPU.ActiveCfg = Debug|Any CPU
		{D402F709-E324-4334-B035-A10E6C3BFC3A}.Debug|Any CPU.Build.0 = Debug|Any CPU
		{D402F709-E324-4334-B035-A10E6C3BFC3A}.Release|Any CPU.ActiveCfg = Release|Any CPU
		{D402F709-E324-4334-B035-A10E6C3BFC3A}.Release|Any CPU.Build.0 = Release|Any CPU
		{D6FB34D6-6086-460E-A477-95112C8140D3}.Debug|Any CPU.ActiveCfg = Debug|Any CPU
		{D6FB34D6-6086-460E-A477-95112C8140D3}.Debug|Any CPU.Build.0 = Debug|Any CPU
		{D6FB34D6-6086-460E-A477-95112C8140D3}.Release|Any CPU.ActiveCfg = Release|Any CPU
		{D6FB34D6-6086-460E-A477-95112C8140D3}.Release|Any CPU.Build.0 = Release|Any CPU
	EndGlobalSection
	GlobalSection(SolutionProperties) = preSolution
		HideSolutionNode = FALSE
	EndGlobalSection
	GlobalSection(ExtensibilityGlobals) = postSolution
		SolutionGuid = {8BC656E6-7836-40EC-B42E-9EA058B5182B}
	EndGlobalSection
EndGlobal
